
Microsoft Visual Studio Solution File, Format Version 12.00
# Visual Studio Version 18
VisualStudioVersion = 18.0.11123.170
MinimumVisualStudioVersion = 10.0.40219.1
Project("{FAE04EC0-301F-11D3-BF4B-00C04F79EFBC}") = "Faktory.Core", "Faktory\Faktory.Core.csproj", "{4CB73894-ED3C-42DC-900E-9561F123D9AF}"
EndProject
Project("{FAE04EC0-301F-11D3-BF4B-00C04F79EFBC}") = "Faktory.Sample", "Faktory.Sample\Faktory.Sample.csproj", "{1AEFF54A-48A4-4A07-9EFF-288202B91DD2}"
EndProject
Project("{FAE04EC0-301F-11D3-BF4B-00C04F79EFBC}") = "Faktory.Tests", "Faktory.Tests\Faktory.Tests.csproj", "{66166D38-9413-40A3-84D1-3E0D6F0367F3}"
	ProjectSection(ProjectDependencies) = postProject
		{301B9114-BBAF-4F21-A89D-06FEB3952F0B} = {301B9114-BBAF-4F21-A89D-06FEB3952F0B}
		{69F4681A-884B-417D-8B80-4912B66E53AF} = {69F4681A-884B-417D-8B80-4912B66E53AF}
	EndProjectSection
EndProject
Project("{FAE04EC0-301F-11D3-BF4B-00C04F79EFBC}") = "ProcessTest", "ProcessTest\ProcessTest.csproj", "{301B9114-BBAF-4F21-A89D-06FEB3952F0B}"
EndProject
Project("{FAE04EC0-301F-11D3-BF4B-00C04F79EFBC}") = "MsBuildTest", "MsBuildTest\MsBuildTest.csproj", "{69F4681A-884B-417D-8B80-4912B66E53AF}"
EndProject
Project("{FAE04EC0-301F-11D3-BF4B-00C04F79EFBC}") = "PassingTests", "PassingTests\PassingTests.csproj", "{5F821BA7-B504-4660-B886-F7D1336E4BE4}"
EndProject
Project("{FAE04EC0-301F-11D3-BF4B-00C04F79EFBC}") = "FailingTests", "FailingTests\FailingTests.csproj", "{05A10078-7FC3-4817-9B04-7C54BE8592A1}"
EndProject
Project("{FAE04EC0-301F-11D3-BF4B-00C04F79EFBC}") = "BuildTool", "BuildTool\BuildTool.csproj", "{0AFC9022-DDB9-40DE-AD94-E969D9743B7E}"
EndProject
Global
	GlobalSection(SolutionConfigurationPlatforms) = preSolution
		Debug|Any CPU = Debug|Any CPU
		Release|Any CPU = Release|Any CPU
	EndGlobalSection
	GlobalSection(ProjectConfigurationPlatforms) = postSolution
		{4CB73894-ED3C-42DC-900E-9561F123D9AF}.Debug|Any CPU.ActiveCfg = Debug|Any CPU
		{4CB73894-ED3C-42DC-900E-9561F123D9AF}.Debug|Any CPU.Build.0 = Debug|Any CPU
		{4CB73894-ED3C-42DC-900E-9561F123D9AF}.Release|Any CPU.ActiveCfg = Release|Any CPU
		{4CB73894-ED3C-42DC-900E-9561F123D9AF}.Release|Any CPU.Build.0 = Release|Any CPU
		{1AEFF54A-48A4-4A07-9EFF-288202B91DD2}.Debug|Any CPU.ActiveCfg = Debug|Any CPU
		{1AEFF54A-48A4-4A07-9EFF-288202B91DD2}.Debug|Any CPU.Build.0 = Debug|Any CPU
		{1AEFF54A-48A4-4A07-9EFF-288202B91DD2}.Release|Any CPU.ActiveCfg = Release|Any CPU
		{66166D38-9413-40A3-84D1-3E0D6F0367F3}.Debug|Any CPU.ActiveCfg = Debug|Any CPU
		{66166D38-9413-40A3-84D1-3E0D6F0367F3}.Debug|Any CPU.Build.0 = Debug|Any CPU
		{66166D38-9413-40A3-84D1-3E0D6F0367F3}.Release|Any CPU.ActiveCfg = Release|Any CPU
		{301B9114-BBAF-4F21-A89D-06FEB3952F0B}.Debug|Any CPU.ActiveCfg = Debug|Any CPU
		{301B9114-BBAF-4F21-A89D-06FEB3952F0B}.Debug|Any CPU.Build.0 = Debug|Any CPU
		{301B9114-BBAF-4F21-A89D-06FEB3952F0B}.Release|Any CPU.ActiveCfg = Release|Any CPU
		{69F4681A-884B-417D-8B80-4912B66E53AF}.Debug|Any CPU.ActiveCfg = Debug|Any CPU
		{69F4681A-884B-417D-8B80-4912B66E53AF}.Debug|Any CPU.Build.0 = Debug|Any CPU
		{69F4681A-884B-417D-8B80-4912B66E53AF}.Release|Any CPU.ActiveCfg = Release|Any CPU
		{5F821BA7-B504-4660-B886-F7D1336E4BE4}.Debug|Any CPU.ActiveCfg = Debug|Any CPU
		{5F821BA7-B504-4660-B886-F7D1336E4BE4}.Debug|Any CPU.Build.0 = Debug|Any CPU
		{5F821BA7-B504-4660-B886-F7D1336E4BE4}.Release|Any CPU.ActiveCfg = Release|Any CPU
		{05A10078-7FC3-4817-9B04-7C54BE8592A1}.Debug|Any CPU.ActiveCfg = Debug|Any CPU
		{05A10078-7FC3-4817-9B04-7C54BE8592A1}.Debug|Any CPU.Build.0 = Debug|Any CPU
		{05A10078-7FC3-4817-9B04-7C54BE8592A1}.Release|Any CPU.ActiveCfg = Release|Any CPU
		{0AFC9022-DDB9-40DE-AD94-E969D9743B7E}.Debug|Any CPU.ActiveCfg = Debug|Any CPU
		{0AFC9022-DDB9-40DE-AD94-E969D9743B7E}.Release|Any CPU.ActiveCfg = Release|Any CPU
	EndGlobalSection
	GlobalSection(SolutionProperties) = preSolution
		HideSolutionNode = FALSE
	EndGlobalSection
	GlobalSection(ExtensibilityGlobals) = postSolution
		SolutionGuid = {F04AC2A0-FB3E-4114-A376-D13E915B0749}
	EndGlobalSection
EndGlobal
